
Microsoft Visual Studio Solution File, Format Version 12.00
# Visual Studio Version 17
VisualStudioVersion = 17.3.32811.315
MinimumVisualStudioVersion = 10.0.40219.1
Project("{9A19103F-16F7-4668-BE54-9A1E7A4F7556}") = "DAL", "DAL\DAL.csproj", "{320F228B-5CBC-4081-BA44-706292D54B10}"
EndProject
Project("{9A19103F-16F7-4668-BE54-9A1E7A4F7556}") = "BLL", "BLL\BLL.csproj", "{34DE72C6-C46D-41D9-A46E-75AAD996E401}"
EndProject
Project("{9A19103F-16F7-4668-BE54-9A1E7A4F7556}") = "DataModel", "DataModel\DataModel.csproj", "{A6CA4857-ED0E-46F2-9CC4-A6FF3AE46097}"
EndProject
Project("{9A19103F-16F7-4668-BE54-9A1E7A4F7556}") = "WebAPI-ADMIN", "WebAPI-ADMIN\WebAPI-ADMIN.csproj", "{0902247D-E51B-4B97-90C2-0CE181DFA5F3}"
EndProject
Project("{9A19103F-16F7-4668-BE54-9A1E7A4F7556}") = "WebAPI-USER", "WebAPI-USER\WebAPI-USER.csproj", "{21FDF068-6ADD-4343-8368-3A29598DD380}"
EndProject
Project("{9A19103F-16F7-4668-BE54-9A1E7A4F7556}") = "WebAPI-GateWay", "WebAPI-GetWay\WebAPI-GateWay.csproj", "{C976BD11-4959-424A-9980-34BC19349926}"
EndProject
Global
	GlobalSection(SolutionConfigurationPlatforms) = preSolution
		Debug|Any CPU = Debug|Any CPU
		Release|Any CPU = Release|Any CPU
	EndGlobalSection
	GlobalSection(ProjectConfigurationPlatforms) = postSolution
		{320F228B-5CBC-4081-BA44-706292D54B10}.Debug|Any CPU.ActiveCfg = Debug|Any CPU
		{320F228B-5CBC-4081-BA44-706292D54B10}.Debug|Any CPU.Build.0 = Debug|Any CPU
		{320F228B-5CBC-4081-BA44-706292D54B10}.Release|Any CPU.ActiveCfg = Release|Any CPU
		{320F228B-5CBC-4081-BA44-706292D54B10}.Release|Any CPU.Build.0 = Release|Any CPU
		{34DE72C6-C46D-41D9-A46E-75AAD996E401}.Debug|Any CPU.ActiveCfg = Debug|Any CPU
		{34DE72C6-C46D-41D9-A46E-75AAD996E401}.Debug|Any CPU.Build.0 = Debug|Any CPU
		{34DE72C6-C46D-41D9-A46E-75AAD996E401}.Release|Any CPU.ActiveCfg = Release|Any CPU
		{34DE72C6-C46D-41D9-A46E-75AAD996E401}.Release|Any CPU.Build.0 = Release|Any CPU
		{A6CA4857-ED0E-46F2-9CC4-A6FF3AE46097}.Debug|Any CPU.ActiveCfg = Debug|Any CPU
		{A6CA4857-ED0E-46F2-9CC4-A6FF3AE46097}.Debug|Any CPU.Build.0 = Debug|Any CPU
		{A6CA4857-ED0E-46F2-9CC4-A6FF3AE46097}.Release|Any CPU.ActiveCfg = Release|Any CPU
		{A6CA4857-ED0E-46F2-9CC4-A6FF3AE46097}.Release|Any CPU.Build.0 = Release|Any CPU
		{0902247D-E51B-4B97-90C2-0CE181DFA5F3}.Debug|Any CPU.ActiveCfg = Debug|Any CPU
		{0902247D-E51B-4B97-90C2-0CE181DFA5F3}.Debug|Any CPU.Build.0 = Debug|Any CPU
		{0902247D-E51B-4B97-90C2-0CE181DFA5F3}.Release|Any CPU.ActiveCfg = Release|Any CPU
		{0902247D-E51B-4B97-90C2-0CE181DFA5F3}.Release|Any CPU.Build.0 = Release|Any CPU
		{21FDF068-6ADD-4343-8368-3A29598DD380}.Debug|Any CPU.ActiveCfg = Debug|Any CPU
		{21FDF068-6ADD-4343-8368-3A29598DD380}.Debug|Any CPU.Build.0 = Debug|Any CPU
		{21FDF068-6ADD-4343-8368-3A29598DD380}.Release|Any CPU.ActiveCfg = Release|Any CPU
		{21FDF068-6ADD-4343-8368-3A29598DD380}.Release|Any CPU.Build.0 = Release|Any CPU
		{C976BD11-4959-424A-9980-34BC19349926}.Debug|Any CPU.ActiveCfg = Debug|Any CPU
		{C976BD11-4959-424A-9980-34BC19349926}.Debug|Any CPU.Build.0 = Debug|Any CPU
		{C976BD11-4959-424A-9980-34BC19349926}.Release|Any CPU.ActiveCfg = Release|Any CPU
		{C976BD11-4959-424A-9980-34BC19349926}.Release|Any CPU.Build.0 = Release|Any CPU
	EndGlobalSection
	GlobalSection(SolutionProperties) = preSolution
		HideSolutionNode = FALSE
	EndGlobalSection
	GlobalSection(ExtensibilityGlobals) = postSolution
		SolutionGuid = {9922CDD1-FD21-4A08-A452-1E70A3F15628}
	EndGlobalSection
EndGlobal
